
Microsoft Visual Studio Solution File, Format Version 12.00
# Visual Studio Version 17
VisualStudioVersion = 17.0.31919.166
MinimumVisualStudioVersion = 10.0.40219.1
Project("{F184B08F-C81C-45F6-A57F-5ABD9991F28F}") = "AVS Patrina", "AVS Patrina\AVS Patrina.vbproj", "{E097AE38-9C50-401F-8FE4-B28B648CF496}"
EndProject
Global
	GlobalSection(SolutionConfigurationPlatforms) = preSolution
		Debug|Any CPU = Debug|Any CPU
		Release|Any CPU = Release|Any CPU
	EndGlobalSection
	GlobalSection(ProjectConfigurationPlatforms) = postSolution
		{E097AE38-9C50-401F-8FE4-B28B648CF496}.Debug|Any CPU.ActiveCfg = Debug|Any CPU
		{E097AE38-9C50-401F-8FE4-B28B648CF496}.Debug|Any CPU.Build.0 = Debug|Any CPU
		{E097AE38-9C50-401F-8FE4-B28B648CF496}.Release|Any CPU.ActiveCfg = Release|Any CPU
		{E097AE38-9C50-401F-8FE4-B28B648CF496}.Release|Any CPU.Build.0 = Release|Any CPU
	EndGlobalSection
	GlobalSection(SolutionProperties) = preSolution
		HideSolutionNode = FALSE
	EndGlobalSection
	GlobalSection(ExtensibilityGlobals) = postSolution
		SolutionGuid = {26738582-8D26-4DED-9485-A07217A40CD8}
	EndGlobalSection
EndGlobal
